{
    "_readme": [
        "This file locks the dependencies of your project to a known state",
        "Read more about it at https://getcomposer.org/doc/01-basic-usage.md#composer-lock-the-lock-file",
        "This file is @generated automatically"
    ],
    "hash": "25ad22c35c19f2b0a2331640fb6b5577",
    "content-hash": "617c33144bd2877c3c9a78f167a871b6",
    "packages": [],
    "packages-dev": [
        {
            "name": "facebook/webdriver",
            "version": "1.1.2",
            "source": {
                "type": "git",
                "url": "https://github.com/facebook/php-webdriver.git",
                "reference": "0b889d7de7461439f8a3bbcca46e0f696cb27986"
            },
            "dist": {
                "type": "zip",
                "url": "https://api.github.com/repos/facebook/php-webdriver/zipball/0b889d7de7461439f8a3bbcca46e0f696cb27986",
                "reference": "0b889d7de7461439f8a3bbcca46e0f696cb27986",
                "shasum": ""
            },
            "require": {
                "ext-curl": "*",
                "php": ">=5.3.19"
            },
            "require-dev": {
                "phpunit/phpunit": "4.6.*"
            },
            "suggest": {
                "phpdocumentor/phpdocumentor": "2.*"
            },
            "type": "library",
            "autoload": {
                "psr-4": {
                    "Facebook\\WebDriver\\": "lib/"
                }
            },
            "notification-url": "https://packagist.org/downloads/",
            "license": [
                "Apache-2.0"
            ],
            "description": "A PHP client for WebDriver",
            "homepage": "https://github.com/facebook/php-webdriver",
            "keywords": [
                "facebook",
                "php",
                "selenium",
                "webdriver"
            ],
            "time": "2016-06-04 00:02:34"
        }
    ],
    "aliases": [],
    "minimum-stability": "stable",
    "stability-flags": [],
    "prefer-stable": false,
    "prefer-lowest": false,
    "platform": [],
    "platform-dev": []
}
