{
    "hash": "f83c386aaaf04acc7fd1724dd46c0127",
    "packages": [
        {
            "package": "symfony/config",
            "version": "v2.1.1"
        },
        {
            "package": "symfony/dependency-injection",
            "version": "v2.1.1"
        },
        {
            "package": "symfony/event-dispatcher",
            "version": "v2.1.1"
        },
        {
            "package": "symfony/http-foundation",
            "version": "v2.1.1"
        },
        {
            "package": "symfony/http-kernel",
            "version": "v2.1.1"
        },
        {
            "package": "symfony/yaml",
            "version": "v2.1.1"
        }
    ],
    "packages-dev": [
        {
            "package": "fabpot/goutte",
            "version": "dev-master",
            "alias-pretty-version": "1.0.x-dev",
            "alias-version": "1.0.9999999.9999999-dev"
        },
        {
            "package": "fabpot/goutte",
            "version": "dev-master",
            "source-reference": "1d72f22b21b37a8d38ea48e17b34c3afc73dfc46",
            "commit-date": "1346234818"
        },
        {
            "package": "guzzle/common",
            "version": "v2.8.6"
        },
        {
            "package": "guzzle/http",
            "version": "v2.8.6"
        },
        {
            "package": "guzzle/parser",
            "version": "v2.8.6"
        },
        {
            "package": "symfony/browser-kit",
            "version": "v2.1.1"
        },
        {
            "package": "symfony/css-selector",
            "version": "v2.1.1"
        },
        {
            "package": "symfony/dom-crawler",
            "version": "v2.1.1"
        },
        {
            "package": "symfony/finder",
            "version": "v2.1.1"
        },
        {
            "package": "symfony/process",
            "version": "v2.1.1"
        }
    ],
    "aliases": [

    ],
    "minimum-stability": "beta",
    "stability-flags": {
        "fabpot/goutte": 20
    }
}
